
Microsoft Visual Studio Solution File, Format Version 12.00
# Visual Studio 15
VisualStudioVersion = 15.0.28307.271
MinimumVisualStudioVersion = 10.0.40219.1
Project("{FAE04EC0-301F-11D3-BF4B-00C04F79EFBC}") = "MG.QUserModule", "MG.QUserModule\MG.QUserModule.csproj", "{F48F0D29-09B1-4809-8CEC-171632244A13}"
EndProject
Global
	GlobalSection(SolutionConfigurationPlatforms) = preSolution
		Debug|Any CPU = Debug|Any CPU
		Release|Any CPU = Release|Any CPU
	EndGlobalSection
	GlobalSection(ProjectConfigurationPlatforms) = postSolution
		{F48F0D29-09B1-4809-8CEC-171632244A13}.Debug|Any CPU.ActiveCfg = Debug|Any CPU
		{F48F0D29-09B1-4809-8CEC-171632244A13}.Debug|Any CPU.Build.0 = Debug|Any CPU
		{F48F0D29-09B1-4809-8CEC-171632244A13}.Release|Any CPU.ActiveCfg = Release|Any CPU
		{F48F0D29-09B1-4809-8CEC-171632244A13}.Release|Any CPU.Build.0 = Release|Any CPU
	EndGlobalSection
	GlobalSection(SolutionProperties) = preSolution
		HideSolutionNode = FALSE
	EndGlobalSection
	GlobalSection(ExtensibilityGlobals) = postSolution
		SolutionGuid = {02AC7F5E-BC50-431B-A1EC-254362DA0B8A}
	EndGlobalSection
EndGlobal
